{
  "name": "dsh-windows-manager",
  "version": "0.1.0",
  "lockfileVersion": 3,
  "requires": true,
  "packages": {
    "": {
      "name": "dsh-windows-manager",
      "version": "0.1.0",
      "license": "MIT",
      "os": [
        "win32"
      ],
      "bin": {
        "dsh-windows-manager": "bin/dsh-windows-manager.js"
      },
      "engines": {
        "node": ">=18"
      }
    }
  }
}
